// !$*UTF8*$!
{
	archiveVersion = 1;
	classes = {
	};
	objectVersion = 46;
	objects = {

/* Begin PBXBuildFile section */
		229173951CE97F1D0085378C /* SwiftAlgoriths.h in Headers */ = {isa = PBXBuildFile; fileRef = 229173941CE97F1D0085378C /* SwiftAlgoriths.h */; settings = {ATTRIBUTES = (Public, ); }; };
		2291739C1CE97F1D0085378C /* SwiftAlgoriths.framework in Frameworks */ = {isa = PBXBuildFile; fileRef = 229173911CE97F1D0085378C /* SwiftAlgoriths.framework */; };
		229173A11CE97F1D0085378C /* SwiftAlgorithsTests.swift in Sources */ = {isa = PBXBuildFile; fileRef = 229173A01CE97F1D0085378C /* SwiftAlgorithsTests.swift */; };
		229173AC1CE97F550085378C /* QuickSort.swift in Sources */ = {isa = PBXBuildFile; fileRef = 229173AB1CE97F550085378C /* QuickSort.swift */; };
		229173AE1CE97F7B0085378C /* MergeSort.swift in Sources */ = {isa = PBXBuildFile; fileRef = 229173AD1CE97F7B0085378C /* MergeSort.swift */; };
		229A5A0A1CED874A00CD0D75 /* InsertionSort.swift in Sources */ = {isa = PBXBuildFile; fileRef = 229A5A091CED874A00CD0D75 /* InsertionSort.swift */; };
/* End PBXBuildFile section */

/* Begin PBXContainerItemProxy section */
		2291739D1CE97F1D0085378C /* PBXContainerItemProxy */ = {
			isa = PBXContainerItemProxy;
			containerPortal = 229173881CE97F1D0085378C /* Project object */;
			proxyType = 1;
			remoteGlobalIDString = 229173901CE97F1D0085378C;
			remoteInfo = SwiftAlgoriths;
		};
/* End PBXContainerItemProxy section */

/* Begin PBXFileReference section */
		229173911CE97F1D0085378C /* SwiftAlgoriths.framework */ = {isa = PBXFileReference; explicitFileType = wrapper.framework; includeInIndex = 0; path = SwiftAlgoriths.framework; sourceTree = BUILT_PRODUCTS_DIR; };
		229173941CE97F1D0085378C /* SwiftAlgoriths.h */ = {isa = PBXFileReference; lastKnownFileType = sourcecode.c.h; path = SwiftAlgoriths.h; sourceTree = "<group>"; };
		229173961CE97F1D0085378C /* Info.plist */ = {isa = PBXFileReference; lastKnownFileType = text.plist.xml; path = Info.plist; sourceTree = "<group>"; };
		2291739B1CE97F1D0085378C /* SwiftAlgorithsTests.xctest */ = {isa = PBXFileReference; explicitFileType = wrapper.cfbundle; includeInIndex = 0; path = SwiftAlgorithsTests.xctest; sourceTree = BUILT_PRODUCTS_DIR; };
		229173A01CE97F1D0085378C /* SwiftAlgorithsTests.swift */ = {isa = PBXFileReference; lastKnownFileType = sourcecode.swift; path = SwiftAlgorithsTests.swift; sourceTree = "<group>"; };
		229173A21CE97F1D0085378C /* Info.plist */ = {isa = PBXFileReference; lastKnownFileType = text.plist.xml; path = Info.plist; sourceTree = "<group>"; };
		229173AB1CE97F550085378C /* QuickSort.swift */ = {isa = PBXFileReference; fileEncoding = 4; lastKnownFileType = sourcecode.swift; path = QuickSort.swift; sourceTree = "<group>"; };
		229173AD1CE97F7B0085378C /* MergeSort.swift */ = {isa = PBXFileReference; fileEncoding = 4; lastKnownFileType = sourcecode.swift; path = MergeSort.swift; sourceTree = "<group>"; };
		229A5A091CED874A00CD0D75 /* InsertionSort.swift */ = {isa = PBXFileReference; fileEncoding = 4; lastKnownFileType = sourcecode.swift; path = InsertionSort.swift; sourceTree = "<group>"; };
/* End PBXFileReference section */

/* Begin PBXFrameworksBuildPhase section */
		2291738D1CE97F1D0085378C /* Frameworks */ = {
			isa = PBXFrameworksBuildPhase;
			buildActionMask = 2147483647;
			files = (
			);
			runOnlyForDeploymentPostprocessing = 0;
		};
		229173981CE97F1D0085378C /* Frameworks */ = {
			isa = PBXFrameworksBuildPhase;
			buildActionMask = 2147483647;
			files = (
				2291739C1CE97F1D0085378C /* SwiftAlgoriths.framework in Frameworks */,
			);
			runOnlyForDeploymentPostprocessing = 0;
		};
/* End PBXFrameworksBuildPhase section */

/* Begin PBXGroup section */
		229173871CE97F1D0085378C = {
			isa = PBXGroup;
			children = (
				229173931CE97F1D0085378C /* SwiftAlgoriths */,
				2291739F1CE97F1D0085378C /* SwiftAlgorithsTests */,
				229173921CE97F1D0085378C /* Products */,
			);
			sourceTree = "<group>";
		};
		229173921CE97F1D0085378C /* Products */ = {
			isa = PBXGroup;
			children = (
				229173911CE97F1D0085378C /* SwiftAlgoriths.framework */,
				2291739B1CE97F1D0085378C /* SwiftAlgorithsTests.xctest */,
			);
			name = Products;
			sourceTree = "<group>";
		};
		229173931CE97F1D0085378C /* SwiftAlgoriths */ = {
			isa = PBXGroup;
			children = (
				229173941CE97F1D0085378C /* SwiftAlgoriths.h */,
				229173AD1CE97F7B0085378C /* MergeSort.swift */,
				229173AB1CE97F550085378C /* QuickSort.swift */,
				229A5A091CED874A00CD0D75 /* InsertionSort.swift */,
				229173961CE97F1D0085378C /* Info.plist */,
			);
			path = SwiftAlgoriths;
			sourceTree = "<group>";
		};
		2291739F1CE97F1D0085378C /* SwiftAlgorithsTests */ = {
			isa = PBXGroup;
			children = (
				229173A01CE97F1D0085378C /* SwiftAlgorithsTests.swift */,
				229173A21CE97F1D0085378C /* Info.plist */,
			);
			path = SwiftAlgorithsTests;
			sourceTree = "<group>";
		};
/* End PBXGroup section */

/* Begin PBXHeadersBuildPhase section */
		2291738E1CE97F1D0085378C /* Headers */ = {
			isa = PBXHeadersBuildPhase;
			buildActionMask = 2147483647;
			files = (
				229173951CE97F1D0085378C /* SwiftAlgoriths.h in Headers */,
			);
			runOnlyForDeploymentPostprocessing = 0;
		};
/* End PBXHeadersBuildPhase section */

/* Begin PBXNativeTarget section */
		229173901CE97F1D0085378C /* SwiftAlgoriths */ = {
			isa = PBXNativeTarget;
			buildConfigurationList = 229173A51CE97F1D0085378C /* Build configuration list for PBXNativeTarget "SwiftAlgoriths" */;
			buildPhases = (
				2291738C1CE97F1D0085378C /* Sources */,
				2291738D1CE97F1D0085378C /* Frameworks */,
				2291738E1CE97F1D0085378C /* Headers */,
				2291738F1CE97F1D0085378C /* Resources */,
			);
			buildRules = (
			);
			dependencies = (
			);
			name = SwiftAlgoriths;
			productName = SwiftAlgoriths;
			productReference = 229173911CE97F1D0085378C /* SwiftAlgoriths.framework */;
			productType = "com.apple.product-type.framework";
		};
		2291739A1CE97F1D0085378C /* SwiftAlgorithsTests */ = {
			isa = PBXNativeTarget;
			buildConfigurationList = 229173A81CE97F1D0085378C /* Build configuration list for PBXNativeTarget "SwiftAlgorithsTests" */;
			buildPhases = (
				229173971CE97F1D0085378C /* Sources */,
				229173981CE97F1D0085378C /* Frameworks */,
				229173991CE97F1D0085378C /* Resources */,
			);
			buildRules = (
			);
			dependencies = (
				2291739E1CE97F1D0085378C /* PBXTargetDependency */,
			);
			name = SwiftAlgorithsTests;
			productName = SwiftAlgorithsTests;
			productReference = 2291739B1CE97F1D0085378C /* SwiftAlgorithsTests.xctest */;
			productType = "com.apple.product-type.bundle.unit-test";
		};
/* End PBXNativeTarget section */

/* Begin PBXProject section */
		229173881CE97F1D0085378C /* Project object */ = {
			isa = PBXProject;
			attributes = {
				LastSwiftUpdateCheck = 0730;
				LastUpgradeCheck = 0730;
				ORGANIZATIONNAME = "Tim Harris";
				TargetAttributes = {
					229173901CE97F1D0085378C = {
						CreatedOnToolsVersion = 7.3.1;
						DevelopmentTeam = 68W5V575MP;
					};
					2291739A1CE97F1D0085378C = {
						CreatedOnToolsVersion = 7.3.1;
						DevelopmentTeam = 68W5V575MP;
					};
				};
			};
			buildConfigurationList = 2291738B1CE97F1D0085378C /* Build configuration list for PBXProject "SwiftAlgoriths" */;
			compatibilityVersion = "Xcode 3.2";
			developmentRegion = English;
			hasScannedForEncodings = 0;
			knownRegions = (
				en,
			);
			mainGroup = 229173871CE97F1D0085378C;
			productRefGroup = 229173921CE97F1D0085378C /* Products */;
			projectDirPath = "";
			projectRoot = "";
			targets = (
				229173901CE97F1D0085378C /* SwiftAlgoriths */,
				2291739A1CE97F1D0085378C /* SwiftAlgorithsTests */,
			);
		};
/* End PBXProject section */

/* Begin PBXResourcesBuildPhase section */
		2291738F1CE97F1D0085378C /* Resources */ = {
			isa = PBXResourcesBuildPhase;
			buildActionMask = 2147483647;
			files = (
			);
			runOnlyForDeploymentPostprocessing = 0;
		};
		229173991CE97F1D0085378C /* Resources */ = {
			isa = PBXResourcesBuildPhase;
			buildActionMask = 2147483647;
			files = (
			);
			runOnlyForDeploymentPostprocessing = 0;
		};
/* End PBXResourcesBuildPhase section */

/* Begin PBXSourcesBuildPhase section */
		2291738C1CE97F1D0085378C /* Sources */ = {
			isa = PBXSourcesBuildPhase;
			buildActionMask = 2147483647;
			files = (
				229A5A0A1CED874A00CD0D75 /* InsertionSort.swift in Sources */,
				229173AE1CE97F7B0085378C /* MergeSort.swift in Sources */,
				229173AC1CE97F550085378C /* QuickSort.swift in Sources */,
			);
			runOnlyForDeploymentPostprocessing = 0;
		};
		229173971CE97F1D0085378C /* Sources */ = {
			isa = PBXSourcesBuildPhase;
			buildActionMask = 2147483647;
			files = (
				229173A11CE97F1D0085378C /* SwiftAlgorithsTests.swift in Sources */,
			);
			runOnlyForDeploymentPostprocessing = 0;
		};
/* End PBXSourcesBuildPhase section */

/* Begin PBXTargetDependency section */
		2291739E1CE97F1D0085378C /* PBXTargetDependency */ = {
			isa = PBXTargetDependency;
			target = 229173901CE97F1D0085378C /* SwiftAlgoriths */;
			targetProxy = 2291739D1CE97F1D0085378C /* PBXContainerItemProxy */;
		};
/* End PBXTargetDependency section */

/* Begin XCBuildConfiguration section */
		229173A31CE97F1D0085378C /* Debug */ = {
			isa = XCBuildConfiguration;
			buildSettings = {
				ALWAYS_SEARCH_USER_PATHS = NO;
				CLANG_ANALYZER_NONNULL = YES;
				CLANG_CXX_LANGUAGE_STANDARD = "gnu++0x";
				CLANG_CXX_LIBRARY = "libc++";
				CLANG_ENABLE_MODULES = YES;
				CLANG_ENABLE_OBJC_ARC = YES;
				CLANG_WARN_BOOL_CONVERSION = YES;
				CLANG_WARN_CONSTANT_CONVERSION = YES;
				CLANG_WARN_DIRECT_OBJC_ISA_USAGE = YES_ERROR;
				CLANG_WARN_EMPTY_BODY = YES;
				CLANG_WARN_ENUM_CONVERSION = YES;
				CLANG_WARN_INT_CONVERSION = YES;
				CLANG_WARN_OBJC_ROOT_CLASS = YES_ERROR;
				CLANG_WARN_UNREACHABLE_CODE = YES;
				CLANG_WARN__DUPLICATE_METHOD_MATCH = YES;
				"CODE_SIGN_IDENTITY[sdk=iphoneos*]" = "iPhone Developer";
				COPY_PHASE_STRIP = NO;
				CURRENT_PROJECT_VERSION = 1;
				DEBUG_INFORMATION_FORMAT = dwarf;
				ENABLE_STRICT_OBJC_MSGSEND = YES;
				ENABLE_TESTABILITY = YES;
				GCC_C_LANGUAGE_STANDARD = gnu99;
				GCC_DYNAMIC_NO_PIC = NO;
				GCC_NO_COMMON_BLOCKS = YES;
				GCC_OPTIMIZATION_LEVEL = 0;
				GCC_PREPROCESSOR_DEFINITIONS = (
					"DEBUG=1",
					"$(inherited)",
				);
				GCC_WARN_64_TO_32_BIT_CONVERSION = YES;
				GCC_WARN_ABOUT_RETURN_TYPE = YES_ERROR;
				GCC_WARN_UNDECLARED_SELECTOR = YES;
				GCC_WARN_UNINITIALIZED_AUTOS = YES_AGGRESSIVE;
				GCC_WARN_UNUSED_FUNCTION = YES;
				GCC_WARN_UNUSED_VARIABLE = YES;
				IPHONEOS_DEPLOYMENT_TARGET = 9.3;
				MTL_ENABLE_DEBUG_INFO = YES;
				ONLY_ACTIVE_ARCH = YES;
				SDKROOT = iphoneos;
				SWIFT_OPTIMIZATION_LEVEL = "-Onone";
				TARGETED_DEVICE_FAMILY = "1,2";
				VERSIONING_SYSTEM = "apple-generic";
				VERSION_INFO_PREFIX = "";
			};
			name = Debug;
		};
		229173A41CE97F1D0085378C /* Release */ = {
			isa = XCBuildConfiguration;
			buildSettings = {
				ALWAYS_SEARCH_USER_PATHS = NO;
				CLANG_ANALYZER_NONNULL = YES;
				CLANG_CXX_LANGUAGE_STANDARD = "gnu++0x";
				CLANG_CXX_LIBRARY = "libc++";
				CLANG_ENABLE_MODULES = YES;
				CLANG_ENABLE_OBJC_ARC = YES;
				CLANG_WARN_BOOL_CONVERSION = YES;
				CLANG_WARN_CONSTANT_CONVERSION = YES;
				CLANG_WARN_DIRECT_OBJC_ISA_USAGE = YES_ERROR;
				CLANG_WARN_EMPTY_BODY = YES;
				CLANG_WARN_ENUM_CONVERSION = YES;
				CLANG_WARN_INT_CONVERSION = YES;
				CLANG_WARN_OBJC_ROOT_CLASS = YES_ERROR;
				CLANG_WARN_UNREACHABLE_CODE = YES;
				CLANG_WARN__DUPLICATE_METHOD_MATCH = YES;
				"CODE_SIGN_IDENTITY[sdk=iphoneos*]" = "iPhone Developer";
				COPY_PHASE_STRIP = NO;
				CURRENT_PROJECT_VERSION = 1;
				DEBUG_INFORMATION_FORMAT = "dwarf-with-dsym";
				ENABLE_NS_ASSERTIONS = NO;
				ENABLE_STRICT_OBJC_MSGSEND = YES;
				GCC_C_LANGUAGE_STANDARD = gnu99;
				GCC_NO_COMMON_BLOCKS = YES;
				GCC_WARN_64_TO_32_BIT_CONVERSION = YES;
				GCC_WARN_ABOUT_RETURN_TYPE = YES_ERROR;
				GCC_WARN_UNDECLARED_SELECTOR = YES;
				GCC_WARN_UNINITIALIZED_AUTOS = YES_AGGRESSIVE;
				GCC_WARN_UNUSED_FUNCTION = YES;
				GCC_WARN_UNUSED_VARIABLE = YES;
				IPHONEOS_DEPLOYMENT_TARGET = 9.3;
				MTL_ENABLE_DEBUG_INFO = NO;
				SDKROOT = iphoneos;
				TARGETED_DEVICE_FAMILY = "1,2";
				VALIDATE_PRODUCT = YES;
				VERSIONING_SYSTEM = "apple-generic";
				VERSION_INFO_PREFIX = "";
			};
			name = Release;
		};
		229173A61CE97F1D0085378C /* Debug */ = {
			isa = XCBuildConfiguration;
			buildSettings = {
				CLANG_ENABLE_MODULES = YES;
				DEFINES_MODULE = YES;
				DYLIB_COMPATIBILITY_VERSION = 1;
				DYLIB_CURRENT_VERSION = 1;
				DYLIB_INSTALL_NAME_BASE = "@rpath";
				INFOPLIST_FILE = SwiftAlgoriths/Info.plist;
				INSTALL_PATH = "$(LOCAL_LIBRARY_DIR)/Frameworks";
				LD_RUNPATH_SEARCH_PATHS = "$(inherited) @executable_path/Frameworks @loader_path/Frameworks";
				PRODUCT_BUNDLE_IDENTIFIER = com.whatlieswithin.SwiftAlgoriths;
				PRODUCT_NAME = "$(TARGET_NAME)";
				SKIP_INSTALL = YES;
				SWIFT_OPTIMIZATION_LEVEL = "-Onone";
			};
			name = Debug;
		};
		229173A71CE97F1D0085378C /* Release */ = {
			isa = XCBuildConfiguration;
			buildSettings = {
				CLANG_ENABLE_MODULES = YES;
				DEFINES_MODULE = YES;
				DYLIB_COMPATIBILITY_VERSION = 1;
				DYLIB_CURRENT_VERSION = 1;
				DYLIB_INSTALL_NAME_BASE = "@rpath";
				INFOPLIST_FILE = SwiftAlgoriths/Info.plist;
				INSTALL_PATH = "$(LOCAL_LIBRARY_DIR)/Frameworks";
				LD_RUNPATH_SEARCH_PATHS = "$(inherited) @executable_path/Frameworks @loader_path/Frameworks";
				PRODUCT_BUNDLE_IDENTIFIER = com.whatlieswithin.SwiftAlgoriths;
				PRODUCT_NAME = "$(TARGET_NAME)";
				SKIP_INSTALL = YES;
			};
			name = Release;
		};
		229173A91CE97F1D0085378C /* Debug */ = {
			isa = XCBuildConfiguration;
			buildSettings = {
				INFOPLIST_FILE = SwiftAlgorithsTests/Info.plist;
				LD_RUNPATH_SEARCH_PATHS = "$(inherited) @executable_path/Frameworks @loader_path/Frameworks";
				PRODUCT_BUNDLE_IDENTIFIER = com.whatlieswithin.SwiftAlgorithsTests;
				PRODUCT_NAME = "$(TARGET_NAME)";
			};
			name = Debug;
		};
		229173AA1CE97F1D0085378C /* Release */ = {
			isa = XCBuildConfiguration;
			buildSettings = {
				INFOPLIST_FILE = SwiftAlgorithsTests/Info.plist;
				LD_RUNPATH_SEARCH_PATHS = "$(inherited) @executable_path/Frameworks @loader_path/Frameworks";
				PRODUCT_BUNDLE_IDENTIFIER = com.whatlieswithin.SwiftAlgorithsTests;
				PRODUCT_NAME = "$(TARGET_NAME)";
			};
			name = Release;
		};
/* End XCBuildConfiguration section */

/* Begin XCConfigurationList section */
		2291738B1CE97F1D0085378C /* Build configuration list for PBXProject "SwiftAlgoriths" */ = {
			isa = XCConfigurationList;
			buildConfigurations = (
				229173A31CE97F1D0085378C /* Debug */,
				229173A41CE97F1D0085378C /* Release */,
			);
			defaultConfigurationIsVisible = 0;
			defaultConfigurationName = Release;
		};
		229173A51CE97F1D0085378C /* Build configuration list for PBXNativeTarget "SwiftAlgoriths" */ = {
			isa = XCConfigurationList;
			buildConfigurations = (
				229173A61CE97F1D0085378C /* Debug */,
				229173A71CE97F1D0085378C /* Release */,
			);
			defaultConfigurationIsVisible = 0;
			defaultConfigurationName = Release;
		};
		229173A81CE97F1D0085378C /* Build configuration list for PBXNativeTarget "SwiftAlgorithsTests" */ = {
			isa = XCConfigurationList;
			buildConfigurations = (
				229173A91CE97F1D0085378C /* Debug */,
				229173AA1CE97F1D0085378C /* Release */,
			);
			defaultConfigurationIsVisible = 0;
			defaultConfigurationName = Release;
		};
/* End XCConfigurationList section */
	};
	rootObject = 229173881CE97F1D0085378C /* Project object */;
}
